// !$*UTF8*$!
{
	archiveVersion = 1;
	classes = {
	};
	objectVersion = 46;
	objects = {

/* Begin PBXBuildFile section */
		E502D0C31A739D1500BE86E2 /* AppDelegate.m in Sources */ = {isa = PBXBuildFile; fileRef = E502D0C21A739D1500BE86E2 /* AppDelegate.m */; };
		E502D0C51A739D1500BE86E2 /* main.m in Sources */ = {isa = PBXBuildFile; fileRef = E502D0C41A739D1500BE86E2 /* main.m */; };
		E502D0C81A739D1500BE86E2 /* ViewController.m in Sources */ = {isa = PBXBuildFile; fileRef = E502D0C71A739D1500BE86E2 /* ViewController.m */; };
		E502D0CA1A739D1500BE86E2 /* Images.xcassets in Resources */ = {isa = PBXBuildFile; fileRef = E502D0C91A739D1500BE86E2 /* Images.xcassets */; };
		E502D0CD1A739D1500BE86E2 /* Main.storyboard in Resources */ = {isa = PBXBuildFile; fileRef = E502D0CB1A739D1500BE86E2 /* Main.storyboard */; };
		E502D0D91A739D1600BE86E2 /* TeslaTunesTests.m in Sources */ = {isa = PBXBuildFile; fileRef = E502D0D81A739D1600BE86E2 /* TeslaTunesTests.m */; };
		E59078A41AAAFE0E007A26D6 /* CopyConvertDirs.m in Sources */ = {isa = PBXBuildFile; fileRef = E59078A31AAAFE0E007A26D6 /* CopyConvertDirs.m */; };
		E59078A71AAC1AD7007A26D6 /* flac_utils.mm in Sources */ = {isa = PBXBuildFile; fileRef = E59078A51AAC1AD7007A26D6 /* flac_utils.mm */; };
		E59078AA1AAEC044007A26D6 /* Receptionist.m in Sources */ = {isa = PBXBuildFile; fileRef = E59078A91AAEC044007A26D6 /* Receptionist.m */; };
		E59078AC1AAF9741007A26D6 /* todo and notes.txt in Resources */ = {isa = PBXBuildFile; fileRef = E59078AB1AAF9740007A26D6 /* todo and notes.txt */; };
/* End PBXBuildFile section */

/* Begin PBXContainerItemProxy section */
		E502D0D31A739D1600BE86E2 /* PBXContainerItemProxy */ = {
			isa = PBXContainerItemProxy;
			containerPortal = E502D0B41A739D1500BE86E2 /* Project object */;
			proxyType = 1;
			remoteGlobalIDString = E502D0BB1A739D1500BE86E2;
			remoteInfo = TeslaTunes;
		};
/* End PBXContainerItemProxy section */

/* Begin PBXFileReference section */
		E502D0BC1A739D1500BE86E2 /* TeslaTunes.app */ = {isa = PBXFileReference; explicitFileType = wrapper.application; includeInIndex = 0; path = TeslaTunes.app; sourceTree = BUILT_PRODUCTS_DIR; };
		E502D0C01A739D1500BE86E2 /* Info.plist */ = {isa = PBXFileReference; lastKnownFileType = text.plist.xml; path = Info.plist; sourceTree = "<group>"; };
		E502D0C11A739D1500BE86E2 /* AppDelegate.h */ = {isa = PBXFileReference; lastKnownFileType = sourcecode.c.h; path = AppDelegate.h; sourceTree = "<group>"; };
		E502D0C21A739D1500BE86E2 /* AppDelegate.m */ = {isa = PBXFileReference; lastKnownFileType = sourcecode.c.objc; path = AppDelegate.m; sourceTree = "<group>"; };
		E502D0C41A739D1500BE86E2 /* main.m */ = {isa = PBXFileReference; lastKnownFileType = sourcecode.c.objc; path = main.m; sourceTree = "<group>"; };
		E502D0C61A739D1500BE86E2 /* ViewController.h */ = {isa = PBXFileReference; lastKnownFileType = sourcecode.c.h; path = ViewController.h; sourceTree = "<group>"; };
		E502D0C71A739D1500BE86E2 /* ViewController.m */ = {isa = PBXFileReference; lastKnownFileType = sourcecode.c.objc; path = ViewController.m; sourceTree = "<group>"; };
		E502D0C91A739D1500BE86E2 /* Images.xcassets */ = {isa = PBXFileReference; lastKnownFileType = folder.assetcatalog; path = Images.xcassets; sourceTree = "<group>"; };
		E502D0CC1A739D1500BE86E2 /* Base */ = {isa = PBXFileReference; lastKnownFileType = file.storyboard; name = Base; path = Base.lproj/Main.storyboard; sourceTree = "<group>"; };
		E502D0D21A739D1600BE86E2 /* TeslaTunesTests.xctest */ = {isa = PBXFileReference; explicitFileType = wrapper.cfbundle; includeInIndex = 0; path = TeslaTunesTests.xctest; sourceTree = BUILT_PRODUCTS_DIR; };
		E502D0D71A739D1600BE86E2 /* Info.plist */ = {isa = PBXFileReference; lastKnownFileType = text.plist.xml; path = Info.plist; sourceTree = "<group>"; };
		E502D0D81A739D1600BE86E2 /* TeslaTunesTests.m */ = {isa = PBXFileReference; lastKnownFileType = sourcecode.c.objc; path = TeslaTunesTests.m; sourceTree = "<group>"; };
		E59078A21AAAFE0E007A26D6 /* CopyConvertDirs.h */ = {isa = PBXFileReference; fileEncoding = 4; lastKnownFileType = sourcecode.c.h; path = CopyConvertDirs.h; sourceTree = "<group>"; };
		E59078A31AAAFE0E007A26D6 /* CopyConvertDirs.m */ = {isa = PBXFileReference; fileEncoding = 4; lastKnownFileType = sourcecode.c.objc; path = CopyConvertDirs.m; sourceTree = "<group>"; };
		E59078A51AAC1AD7007A26D6 /* flac_utils.mm */ = {isa = PBXFileReference; fileEncoding = 4; lastKnownFileType = sourcecode.cpp.objcpp; path = flac_utils.mm; sourceTree = "<group>"; };
		E59078A61AAC1AD7007A26D6 /* flac_utils.h */ = {isa = PBXFileReference; fileEncoding = 4; lastKnownFileType = sourcecode.c.h; path = flac_utils.h; sourceTree = "<group>"; };
		E59078A81AAEC044007A26D6 /* Receptionist.h */ = {isa = PBXFileReference; fileEncoding = 4; lastKnownFileType = sourcecode.c.h; path = Receptionist.h; sourceTree = "<group>"; };
		E59078A91AAEC044007A26D6 /* Receptionist.m */ = {isa = PBXFileReference; fileEncoding = 4; lastKnownFileType = sourcecode.c.objc; path = Receptionist.m; sourceTree = "<group>"; };
		E59078AB1AAF9740007A26D6 /* todo and notes.txt */ = {isa = PBXFileReference; fileEncoding = 4; lastKnownFileType = text; path = "todo and notes.txt"; sourceTree = "<group>"; };
/* End PBXFileReference section */

/* Begin PBXFrameworksBuildPhase section */
		E502D0B91A739D1500BE86E2 /* Frameworks */ = {
			isa = PBXFrameworksBuildPhase;
			buildActionMask = 2147483647;
			files = (
			);
			runOnlyForDeploymentPostprocessing = 0;
		};
		E502D0CF1A739D1600BE86E2 /* Frameworks */ = {
			isa = PBXFrameworksBuildPhase;
			buildActionMask = 2147483647;
			files = (
			);
			runOnlyForDeploymentPostprocessing = 0;
		};
/* End PBXFrameworksBuildPhase section */

/* Begin PBXGroup section */
		E502D0B31A739D1500BE86E2 = {
			isa = PBXGroup;
			children = (
				E502D0BE1A739D1500BE86E2 /* TeslaTunes */,
				E502D0D51A739D1600BE86E2 /* TeslaTunesTests */,
				E502D0BD1A739D1500BE86E2 /* Products */,
			);
			sourceTree = "<group>";
		};
		E502D0BD1A739D1500BE86E2 /* Products */ = {
			isa = PBXGroup;
			children = (
				E502D0BC1A739D1500BE86E2 /* TeslaTunes.app */,
				E502D0D21A739D1600BE86E2 /* TeslaTunesTests.xctest */,
			);
			name = Products;
			sourceTree = "<group>";
		};
		E502D0BE1A739D1500BE86E2 /* TeslaTunes */ = {
			isa = PBXGroup;
			children = (
				E502D0C11A739D1500BE86E2 /* AppDelegate.h */,
				E502D0C21A739D1500BE86E2 /* AppDelegate.m */,
				E59078A21AAAFE0E007A26D6 /* CopyConvertDirs.h */,
				E59078A31AAAFE0E007A26D6 /* CopyConvertDirs.m */,
				E59078A61AAC1AD7007A26D6 /* flac_utils.h */,
				E59078A51AAC1AD7007A26D6 /* flac_utils.mm */,
				E502D0C91A739D1500BE86E2 /* Images.xcassets */,
				E502D0CB1A739D1500BE86E2 /* Main.storyboard */,
				E59078A81AAEC044007A26D6 /* Receptionist.h */,
				E59078A91AAEC044007A26D6 /* Receptionist.m */,
				E502D0BF1A739D1500BE86E2 /* Supporting Files */,
				E502D0C61A739D1500BE86E2 /* ViewController.h */,
				E502D0C71A739D1500BE86E2 /* ViewController.m */,
				E59078AB1AAF9740007A26D6 /* todo and notes.txt */,
			);
			path = TeslaTunes;
			sourceTree = "<group>";
		};
		E502D0BF1A739D1500BE86E2 /* Supporting Files */ = {
			isa = PBXGroup;
			children = (
				E502D0C01A739D1500BE86E2 /* Info.plist */,
				E502D0C41A739D1500BE86E2 /* main.m */,
			);
			name = "Supporting Files";
			sourceTree = "<group>";
		};
		E502D0D51A739D1600BE86E2 /* TeslaTunesTests */ = {
			isa = PBXGroup;
			children = (
				E502D0D81A739D1600BE86E2 /* TeslaTunesTests.m */,
				E502D0D61A739D1600BE86E2 /* Supporting Files */,
			);
			path = TeslaTunesTests;
			sourceTree = "<group>";
		};
		E502D0D61A739D1600BE86E2 /* Supporting Files */ = {
			isa = PBXGroup;
			children = (
				E502D0D71A739D1600BE86E2 /* Info.plist */,
			);
			name = "Supporting Files";
			sourceTree = "<group>";
		};
/* End PBXGroup section */

/* Begin PBXNativeTarget section */
		E502D0BB1A739D1500BE86E2 /* TeslaTunes */ = {
			isa = PBXNativeTarget;
			buildConfigurationList = E502D0DC1A739D1600BE86E2 /* Build configuration list for PBXNativeTarget "TeslaTunes" */;
			buildPhases = (
				E502D0B81A739D1500BE86E2 /* Sources */,
				E502D0B91A739D1500BE86E2 /* Frameworks */,
				E502D0BA1A739D1500BE86E2 /* Resources */,
			);
			buildRules = (
			);
			dependencies = (
			);
			name = TeslaTunes;
			productName = TeslaTunes;
			productReference = E502D0BC1A739D1500BE86E2 /* TeslaTunes.app */;
			productType = "com.apple.product-type.application";
		};
		E502D0D11A739D1600BE86E2 /* TeslaTunesTests */ = {
			isa = PBXNativeTarget;
			buildConfigurationList = E502D0DF1A739D1600BE86E2 /* Build configuration list for PBXNativeTarget "TeslaTunesTests" */;
			buildPhases = (
				E502D0CE1A739D1600BE86E2 /* Sources */,
				E502D0CF1A739D1600BE86E2 /* Frameworks */,
				E502D0D01A739D1600BE86E2 /* Resources */,
			);
			buildRules = (
			);
			dependencies = (
				E502D0D41A739D1600BE86E2 /* PBXTargetDependency */,
			);
			name = TeslaTunesTests;
			productName = TeslaTunesTests;
			productReference = E502D0D21A739D1600BE86E2 /* TeslaTunesTests.xctest */;
			productType = "com.apple.product-type.bundle.unit-test";
		};
/* End PBXNativeTarget section */

/* Begin PBXProject section */
		E502D0B41A739D1500BE86E2 /* Project object */ = {
			isa = PBXProject;
			attributes = {
				LastUpgradeCheck = 0620;
				ORGANIZATIONNAME = "Loci Consulting";
				TargetAttributes = {
					E502D0BB1A739D1500BE86E2 = {
						CreatedOnToolsVersion = 6.2;
						DevelopmentTeam = 69PR7N5WC7;
					};
					E502D0D11A739D1600BE86E2 = {
						CreatedOnToolsVersion = 6.2;
						TestTargetID = E502D0BB1A739D1500BE86E2;
					};
				};
			};
			buildConfigurationList = E502D0B71A739D1500BE86E2 /* Build configuration list for PBXProject "TeslaTunes" */;
			compatibilityVersion = "Xcode 3.2";
			developmentRegion = English;
			hasScannedForEncodings = 0;
			knownRegions = (
				en,
				Base,
			);
			mainGroup = E502D0B31A739D1500BE86E2;
			productRefGroup = E502D0BD1A739D1500BE86E2 /* Products */;
			projectDirPath = "";
			projectRoot = "";
			targets = (
				E502D0BB1A739D1500BE86E2 /* TeslaTunes */,
				E502D0D11A739D1600BE86E2 /* TeslaTunesTests */,
			);
		};
/* End PBXProject section */

/* Begin PBXResourcesBuildPhase section */
		E502D0BA1A739D1500BE86E2 /* Resources */ = {
			isa = PBXResourcesBuildPhase;
			buildActionMask = 2147483647;
			files = (
				E502D0CA1A739D1500BE86E2 /* Images.xcassets in Resources */,
				E502D0CD1A739D1500BE86E2 /* Main.storyboard in Resources */,
				E59078AC1AAF9741007A26D6 /* todo and notes.txt in Resources */,
			);
			runOnlyForDeploymentPostprocessing = 0;
		};
		E502D0D01A739D1600BE86E2 /* Resources */ = {
			isa = PBXResourcesBuildPhase;
			buildActionMask = 2147483647;
			files = (
			);
			runOnlyForDeploymentPostprocessing = 0;
		};
/* End PBXResourcesBuildPhase section */

/* Begin PBXSourcesBuildPhase section */
		E502D0B81A739D1500BE86E2 /* Sources */ = {
			isa = PBXSourcesBuildPhase;
			buildActionMask = 2147483647;
			files = (
				E502D0C81A739D1500BE86E2 /* ViewController.m in Sources */,
				E502D0C51A739D1500BE86E2 /* main.m in Sources */,
				E59078A41AAAFE0E007A26D6 /* CopyConvertDirs.m in Sources */,
				E502D0C31A739D1500BE86E2 /* AppDelegate.m in Sources */,
				E59078AA1AAEC044007A26D6 /* Receptionist.m in Sources */,
				E59078A71AAC1AD7007A26D6 /* flac_utils.mm in Sources */,
			);
			runOnlyForDeploymentPostprocessing = 0;
		};
		E502D0CE1A739D1600BE86E2 /* Sources */ = {
			isa = PBXSourcesBuildPhase;
			buildActionMask = 2147483647;
			files = (
				E502D0D91A739D1600BE86E2 /* TeslaTunesTests.m in Sources */,
			);
			runOnlyForDeploymentPostprocessing = 0;
		};
/* End PBXSourcesBuildPhase section */

/* Begin PBXTargetDependency section */
		E502D0D41A739D1600BE86E2 /* PBXTargetDependency */ = {
			isa = PBXTargetDependency;
			target = E502D0BB1A739D1500BE86E2 /* TeslaTunes */;
			targetProxy = E502D0D31A739D1600BE86E2 /* PBXContainerItemProxy */;
		};
/* End PBXTargetDependency section */

/* Begin PBXVariantGroup section */
		E502D0CB1A739D1500BE86E2 /* Main.storyboard */ = {
			isa = PBXVariantGroup;
			children = (
				E502D0CC1A739D1500BE86E2 /* Base */,
			);
			name = Main.storyboard;
			sourceTree = "<group>";
		};
/* End PBXVariantGroup section */

/* Begin XCBuildConfiguration section */
		E502D0DA1A739D1600BE86E2 /* Debug */ = {
			isa = XCBuildConfiguration;
			buildSettings = {
				ALWAYS_SEARCH_USER_PATHS = NO;
				CLANG_CXX_LANGUAGE_STANDARD = "gnu++14";
				CLANG_CXX_LIBRARY = "libc++";
				CLANG_ENABLE_MODULES = YES;
				CLANG_ENABLE_OBJC_ARC = YES;
				CLANG_WARN_BOOL_CONVERSION = YES;
				CLANG_WARN_CONSTANT_CONVERSION = YES;
				CLANG_WARN_DIRECT_OBJC_ISA_USAGE = YES_ERROR;
				CLANG_WARN_EMPTY_BODY = YES;
				CLANG_WARN_ENUM_CONVERSION = YES;
				CLANG_WARN_INT_CONVERSION = YES;
				CLANG_WARN_OBJC_ROOT_CLASS = YES_ERROR;
				CLANG_WARN_UNREACHABLE_CODE = YES;
				CLANG_WARN__DUPLICATE_METHOD_MATCH = YES;
				CODE_SIGN_IDENTITY = "-";
				COPY_PHASE_STRIP = NO;
				ENABLE_STRICT_OBJC_MSGSEND = YES;
				GCC_C_LANGUAGE_STANDARD = gnu99;
				GCC_DYNAMIC_NO_PIC = NO;
				GCC_OPTIMIZATION_LEVEL = 0;
				GCC_PREPROCESSOR_DEFINITIONS = (
					"DEBUG=1",
					"$(inherited)",
				);
				GCC_SYMBOLS_PRIVATE_EXTERN = NO;
				GCC_WARN_64_TO_32_BIT_CONVERSION = YES;
				GCC_WARN_ABOUT_RETURN_TYPE = YES_ERROR;
				GCC_WARN_UNDECLARED_SELECTOR = YES;
				GCC_WARN_UNINITIALIZED_AUTOS = YES_AGGRESSIVE;
				GCC_WARN_UNUSED_FUNCTION = YES;
				GCC_WARN_UNUSED_VARIABLE = YES;
				HEADER_SEARCH_PATHS = (
					"$(inherited)",
					"/Applications/Xcode-beta.app/Contents/Developer/Toolchains/XcodeDefault.xctoolchain/usr/include",
					/usr/local/include,
				);
				LIBRARY_SEARCH_PATHS = /usr/local/lib;
				MACOSX_DEPLOYMENT_TARGET = 10.10;
				MTL_ENABLE_DEBUG_INFO = YES;
				ONLY_ACTIVE_ARCH = YES;
				OTHER_LDFLAGS = (
					"-lmp4v2",
					"-lFLAC",
					"-lFLAC++",
				);
				SDKROOT = macosx;
			};
			name = Debug;
		};
		E502D0DB1A739D1600BE86E2 /* Release */ = {
			isa = XCBuildConfiguration;
			buildSettings = {
				ALWAYS_SEARCH_USER_PATHS = NO;
				CLANG_CXX_LANGUAGE_STANDARD = "gnu++14";
				CLANG_CXX_LIBRARY = "libc++";
				CLANG_ENABLE_MODULES = YES;
				CLANG_ENABLE_OBJC_ARC = YES;
				CLANG_WARN_BOOL_CONVERSION = YES;
				CLANG_WARN_CONSTANT_CONVERSION = YES;
				CLANG_WARN_DIRECT_OBJC_ISA_USAGE = YES_ERROR;
				CLANG_WARN_EMPTY_BODY = YES;
				CLANG_WARN_ENUM_CONVERSION = YES;
				CLANG_WARN_INT_CONVERSION = YES;
				CLANG_WARN_OBJC_ROOT_CLASS = YES_ERROR;
				CLANG_WARN_UNREACHABLE_CODE = YES;
				CLANG_WARN__DUPLICATE_METHOD_MATCH = YES;
				CODE_SIGN_IDENTITY = "-";
				COPY_PHASE_STRIP = NO;
				DEBUG_INFORMATION_FORMAT = "dwarf-with-dsym";
				ENABLE_NS_ASSERTIONS = NO;
				ENABLE_STRICT_OBJC_MSGSEND = YES;
				GCC_C_LANGUAGE_STANDARD = gnu99;
				GCC_WARN_64_TO_32_BIT_CONVERSION = YES;
				GCC_WARN_ABOUT_RETURN_TYPE = YES_ERROR;
				GCC_WARN_UNDECLARED_SELECTOR = YES;
				GCC_WARN_UNINITIALIZED_AUTOS = YES_AGGRESSIVE;
				GCC_WARN_UNUSED_FUNCTION = YES;
				GCC_WARN_UNUSED_VARIABLE = YES;
				HEADER_SEARCH_PATHS = (
					"$(inherited)",
					"/Applications/Xcode-beta.app/Contents/Developer/Toolchains/XcodeDefault.xctoolchain/usr/include",
					/usr/local/include,
				);
				LIBRARY_SEARCH_PATHS = /usr/local/lib;
				MACOSX_DEPLOYMENT_TARGET = 10.10;
				MTL_ENABLE_DEBUG_INFO = NO;
				ONLY_ACTIVE_ARCH = YES;
				OTHER_LDFLAGS = (
					"-lmp4v2",
					"-lFLAC",
					"-lFLAC++",
				);
				SDKROOT = macosx;
			};
			name = Release;
		};
		E502D0DD1A739D1600BE86E2 /* Debug */ = {
			isa = XCBuildConfiguration;
			buildSettings = {
				ASSETCATALOG_COMPILER_APPICON_NAME = AppIcon;
				CODE_SIGN_IDENTITY = "Mac Developer";
				"CODE_SIGN_IDENTITY[sdk=macosx*]" = "Mac Developer";
				COMBINE_HIDPI_IMAGES = YES;
				INFOPLIST_FILE = TeslaTunes/Info.plist;
				LD_RUNPATH_SEARCH_PATHS = "$(inherited) @executable_path/../Frameworks";
				PRODUCT_NAME = "$(TARGET_NAME)";
				PROVISIONING_PROFILE = "";
			};
			name = Debug;
		};
		E502D0DE1A739D1600BE86E2 /* Release */ = {
			isa = XCBuildConfiguration;
			buildSettings = {
				ASSETCATALOG_COMPILER_APPICON_NAME = AppIcon;
				CODE_SIGN_IDENTITY = "Mac Developer";
				"CODE_SIGN_IDENTITY[sdk=macosx*]" = "Mac Developer";
				COMBINE_HIDPI_IMAGES = YES;
				INFOPLIST_FILE = TeslaTunes/Info.plist;
				LD_RUNPATH_SEARCH_PATHS = "$(inherited) @executable_path/../Frameworks";
				PRODUCT_NAME = "$(TARGET_NAME)";
				PROVISIONING_PROFILE = "";
			};
			name = Release;
		};
		E502D0E01A739D1600BE86E2 /* Debug */ = {
			isa = XCBuildConfiguration;
			buildSettings = {
				BUNDLE_LOADER = "$(TEST_HOST)";
				COMBINE_HIDPI_IMAGES = YES;
				FRAMEWORK_SEARCH_PATHS = (
					"$(DEVELOPER_FRAMEWORKS_DIR)",
					"$(inherited)",
				);
				GCC_PREPROCESSOR_DEFINITIONS = (
					"DEBUG=1",
					"$(inherited)",
				);
				INFOPLIST_FILE = TeslaTunesTests/Info.plist;
				LD_RUNPATH_SEARCH_PATHS = "$(inherited) @executable_path/../Frameworks @loader_path/../Frameworks";
				PRODUCT_NAME = "$(TARGET_NAME)";
				TEST_HOST = "$(BUILT_PRODUCTS_DIR)/TeslaTunes.app/Contents/MacOS/TeslaTunes";
			};
			name = Debug;
		};
		E502D0E11A739D1600BE86E2 /* Release */ = {
			isa = XCBuildConfiguration;
			buildSettings = {
				BUNDLE_LOADER = "$(TEST_HOST)";
				COMBINE_HIDPI_IMAGES = YES;
				FRAMEWORK_SEARCH_PATHS = (
					"$(DEVELOPER_FRAMEWORKS_DIR)",
					"$(inherited)",
				);
				INFOPLIST_FILE = TeslaTunesTests/Info.plist;
				LD_RUNPATH_SEARCH_PATHS = "$(inherited) @executable_path/../Frameworks @loader_path/../Frameworks";
				PRODUCT_NAME = "$(TARGET_NAME)";
				TEST_HOST = "$(BUILT_PRODUCTS_DIR)/TeslaTunes.app/Contents/MacOS/TeslaTunes";
			};
			name = Release;
		};
/* End XCBuildConfiguration section */

/* Begin XCConfigurationList section */
		E502D0B71A739D1500BE86E2 /* Build configuration list for PBXProject "TeslaTunes" */ = {
			isa = XCConfigurationList;
			buildConfigurations = (
				E502D0DA1A739D1600BE86E2 /* Debug */,
				E502D0DB1A739D1600BE86E2 /* Release */,
			);
			defaultConfigurationIsVisible = 0;
			defaultConfigurationName = Release;
		};
		E502D0DC1A739D1600BE86E2 /* Build configuration list for PBXNativeTarget "TeslaTunes" */ = {
			isa = XCConfigurationList;
			buildConfigurations = (
				E502D0DD1A739D1600BE86E2 /* Debug */,
				E502D0DE1A739D1600BE86E2 /* Release */,
			);
			defaultConfigurationIsVisible = 0;
			defaultConfigurationName = Release;
		};
		E502D0DF1A739D1600BE86E2 /* Build configuration list for PBXNativeTarget "TeslaTunesTests" */ = {
			isa = XCConfigurationList;
			buildConfigurations = (
				E502D0E01A739D1600BE86E2 /* Debug */,
				E502D0E11A739D1600BE86E2 /* Release */,
			);
			defaultConfigurationIsVisible = 0;
			defaultConfigurationName = Release;
		};
/* End XCConfigurationList section */
	};
	rootObject = E502D0B41A739D1500BE86E2 /* Project object */;
}
