// !$*UTF8*$!
{
	archiveVersion = 1;
	classes = {
	};
	objectVersion = 46;
	objects = {

/* Begin PBXAggregateTarget section */
		E55A71AA1AE64A4400AB75E2 /* GenSparkleInfo */ = {
			isa = PBXAggregateTarget;
			buildConfigurationList = E55A71AC1AE64A4400AB75E2 /* Build configuration list for PBXAggregateTarget "GenSparkleInfo" */;
			buildPhases = (
				E55A71AB1AE64A4400AB75E2 /* ShellScript */,
			);
			dependencies = (
				E55A71B01AE64A8F00AB75E2 /* PBXTargetDependency */,
			);
			name = GenSparkleInfo;
			productName = GenGitVersioning;
		};
		E5CC88B71AB5927E00C8951F /* GenGitVersioning */ = {
			isa = PBXAggregateTarget;
			buildConfigurationList = E5CC88BA1AB5927E00C8951F /* Build configuration list for PBXAggregateTarget "GenGitVersioning" */;
			buildPhases = (
				E5CC88BB1AB5928F00C8951F /* ShellScript */,
			);
			dependencies = (
			);
			name = GenGitVersioning;
			productName = GenGitVersioning;
		};
/* End PBXAggregateTarget section */

/* Begin PBXBuildFile section */
		E502814E1ACBA133006D996C /* TableCellViewCheckmark.m in Sources */ = {isa = PBXBuildFile; fileRef = E502814D1ACBA133006D996C /* TableCellViewCheckmark.m */; };
		E502D0C31A739D1500BE86E2 /* AppDelegate.m in Sources */ = {isa = PBXBuildFile; fileRef = E502D0C21A739D1500BE86E2 /* AppDelegate.m */; };
		E502D0C51A739D1500BE86E2 /* main.m in Sources */ = {isa = PBXBuildFile; fileRef = E502D0C41A739D1500BE86E2 /* main.m */; };
		E502D0C81A739D1500BE86E2 /* ViewController.m in Sources */ = {isa = PBXBuildFile; fileRef = E502D0C71A739D1500BE86E2 /* ViewController.m */; };
		E502D0CA1A739D1500BE86E2 /* Images.xcassets in Resources */ = {isa = PBXBuildFile; fileRef = E502D0C91A739D1500BE86E2 /* Images.xcassets */; };
		E502D0CD1A739D1500BE86E2 /* Main.storyboard in Resources */ = {isa = PBXBuildFile; fileRef = E502D0CB1A739D1500BE86E2 /* Main.storyboard */; };
		E52E87991ADD9F2E00B08A74 /* AVFoundation.framework in Frameworks */ = {isa = PBXBuildFile; fileRef = E52E87981ADD9F2E00B08A74 /* AVFoundation.framework */; };
		E52E879B1ADD9F8F00B08A74 /* AudioToolbox.framework in Frameworks */ = {isa = PBXBuildFile; fileRef = E52E879A1ADD9F8F00B08A74 /* AudioToolbox.framework */; };
		E5436D291AC3D44D0068E42E /* iTunesLibrary.framework in Frameworks */ = {isa = PBXBuildFile; fileRef = E5436D281AC3D44D0068E42E /* iTunesLibrary.framework */; };
		E55A71A61AE6417F00AB75E2 /* Sparkle.framework in Frameworks */ = {isa = PBXBuildFile; fileRef = E55A71A51AE6417F00AB75E2 /* Sparkle.framework */; };
		E55A71A71AE641AD00AB75E2 /* Sparkle.framework in CopyFiles */ = {isa = PBXBuildFile; fileRef = E55A71A51AE6417F00AB75E2 /* Sparkle.framework */; settings = {ATTRIBUTES = (CodeSignOnCopy, RemoveHeadersOnCopy, ); }; };
		E58A24B31AC8E04F00E8DDE4 /* PlaylistPickViewController.m in Sources */ = {isa = PBXBuildFile; fileRef = E58A24B21AC8E04F00E8DDE4 /* PlaylistPickViewController.m */; };
		E58A24B71AC91A2A00E8DDE4 /* PlaylistSelections.m in Sources */ = {isa = PBXBuildFile; fileRef = E58A24B61AC91A2A00E8DDE4 /* PlaylistSelections.m */; };
		E58A24B91AC9282300E8DDE4 /* AppKit.framework in Frameworks */ = {isa = PBXBuildFile; fileRef = E58A24B81AC9282300E8DDE4 /* AppKit.framework */; };
		E59078A41AAAFE0E007A26D6 /* CopyConvertDirs.mm in Sources */ = {isa = PBXBuildFile; fileRef = E59078A31AAAFE0E007A26D6 /* CopyConvertDirs.mm */; };
		E59078A71AAC1AD7007A26D6 /* flac_utils.mm in Sources */ = {isa = PBXBuildFile; fileRef = E59078A51AAC1AD7007A26D6 /* flac_utils.mm */; };
		E59078AA1AAEC044007A26D6 /* Receptionist.m in Sources */ = {isa = PBXBuildFile; fileRef = E59078A91AAEC044007A26D6 /* Receptionist.m */; };
		E5CC88BF1AB6514E00C8951F /* Credits.html in Resources */ = {isa = PBXBuildFile; fileRef = E5CC88BE1AB6514E00C8951F /* Credits.html */; };
		E5F8767F1ADE477000F9A362 /* tag.framework in Frameworks */ = {isa = PBXBuildFile; fileRef = E52E87961ADD9AA900B08A74 /* tag.framework */; };
		E5F876801ADE49D800F9A362 /* tag.framework in CopyFiles */ = {isa = PBXBuildFile; fileRef = E52E87961ADD9AA900B08A74 /* tag.framework */; settings = {ATTRIBUTES = (CodeSignOnCopy, RemoveHeadersOnCopy, ); }; };
/* End PBXBuildFile section */

/* Begin PBXContainerItemProxy section */
		E55A71AF1AE64A8F00AB75E2 /* PBXContainerItemProxy */ = {
			isa = PBXContainerItemProxy;
			containerPortal = E502D0B41A739D1500BE86E2 /* Project object */;
			proxyType = 1;
			remoteGlobalIDString = E502D0BB1A739D1500BE86E2;
			remoteInfo = TeslaTunes;
		};
		E5CC88BC1AB593AA00C8951F /* PBXContainerItemProxy */ = {
			isa = PBXContainerItemProxy;
			containerPortal = E502D0B41A739D1500BE86E2 /* Project object */;
			proxyType = 1;
			remoteGlobalIDString = E5CC88B71AB5927E00C8951F;
			remoteInfo = GenGitVersioning;
		};
/* End PBXContainerItemProxy section */

/* Begin PBXCopyFilesBuildPhase section */
		E5F8767A1ADE347300F9A362 /* CopyFiles */ = {
			isa = PBXCopyFilesBuildPhase;
			buildActionMask = 12;
			dstPath = "";
			dstSubfolderSpec = 10;
			files = (
				E55A71A71AE641AD00AB75E2 /* Sparkle.framework in CopyFiles */,
				E5F876801ADE49D800F9A362 /* tag.framework in CopyFiles */,
			);
			runOnlyForDeploymentPostprocessing = 0;
		};
/* End PBXCopyFilesBuildPhase section */

/* Begin PBXFileReference section */
		E502814C1ACBA133006D996C /* TableCellViewCheckmark.h */ = {isa = PBXFileReference; fileEncoding = 4; lastKnownFileType = sourcecode.c.h; path = TableCellViewCheckmark.h; sourceTree = "<group>"; };
		E502814D1ACBA133006D996C /* TableCellViewCheckmark.m */ = {isa = PBXFileReference; fileEncoding = 4; lastKnownFileType = sourcecode.c.objc; path = TableCellViewCheckmark.m; sourceTree = "<group>"; };
		E502D0BC1A739D1500BE86E2 /* TeslaTunes.app */ = {isa = PBXFileReference; explicitFileType = wrapper.application; includeInIndex = 0; path = TeslaTunes.app; sourceTree = BUILT_PRODUCTS_DIR; };
		E502D0C01A739D1500BE86E2 /* Info.plist */ = {isa = PBXFileReference; lastKnownFileType = text.plist.xml; path = Info.plist; sourceTree = "<group>"; };
		E502D0C11A739D1500BE86E2 /* AppDelegate.h */ = {isa = PBXFileReference; lastKnownFileType = sourcecode.c.h; path = AppDelegate.h; sourceTree = "<group>"; };
		E502D0C21A739D1500BE86E2 /* AppDelegate.m */ = {isa = PBXFileReference; lastKnownFileType = sourcecode.c.objc; path = AppDelegate.m; sourceTree = "<group>"; };
		E502D0C41A739D1500BE86E2 /* main.m */ = {isa = PBXFileReference; lastKnownFileType = sourcecode.c.objc; path = main.m; sourceTree = "<group>"; };
		E502D0C61A739D1500BE86E2 /* ViewController.h */ = {isa = PBXFileReference; lastKnownFileType = sourcecode.c.h; path = ViewController.h; sourceTree = "<group>"; };
		E502D0C71A739D1500BE86E2 /* ViewController.m */ = {isa = PBXFileReference; lastKnownFileType = sourcecode.c.objc; path = ViewController.m; sourceTree = "<group>"; };
		E502D0C91A739D1500BE86E2 /* Images.xcassets */ = {isa = PBXFileReference; lastKnownFileType = folder.assetcatalog; path = Images.xcassets; sourceTree = "<group>"; };
		E502D0CC1A739D1500BE86E2 /* Base */ = {isa = PBXFileReference; lastKnownFileType = file.storyboard; name = Base; path = Base.lproj/Main.storyboard; sourceTree = "<group>"; };
		E52E87961ADD9AA900B08A74 /* tag.framework */ = {isa = PBXFileReference; lastKnownFileType = wrapper.framework; name = tag.framework; path = ../../taglib/taglib/tag.framework; sourceTree = "<group>"; };
		E52E87981ADD9F2E00B08A74 /* AVFoundation.framework */ = {isa = PBXFileReference; lastKnownFileType = wrapper.framework; name = AVFoundation.framework; path = System/Library/Frameworks/AVFoundation.framework; sourceTree = SDKROOT; };
		E52E879A1ADD9F8F00B08A74 /* AudioToolbox.framework */ = {isa = PBXFileReference; lastKnownFileType = wrapper.framework; name = AudioToolbox.framework; path = System/Library/Frameworks/AudioToolbox.framework; sourceTree = SDKROOT; };
		E5436D281AC3D44D0068E42E /* iTunesLibrary.framework */ = {isa = PBXFileReference; lastKnownFileType = wrapper.framework; name = iTunesLibrary.framework; path = /Library/Frameworks/iTunesLibrary.framework; sourceTree = "<absolute>"; };
		E552F2D41AD3CD6E009A9FDE /* TeslaTunes.entitlements */ = {isa = PBXFileReference; lastKnownFileType = text.xml; path = TeslaTunes.entitlements; sourceTree = "<group>"; };
		E55A71A51AE6417F00AB75E2 /* Sparkle.framework */ = {isa = PBXFileReference; lastKnownFileType = wrapper.framework; name = Sparkle.framework; path = ../Sparkle.framework; sourceTree = "<group>"; };
		E58A24B11AC8E04F00E8DDE4 /* PlaylistPickViewController.h */ = {isa = PBXFileReference; fileEncoding = 4; lastKnownFileType = sourcecode.c.h; path = PlaylistPickViewController.h; sourceTree = "<group>"; };
		E58A24B21AC8E04F00E8DDE4 /* PlaylistPickViewController.m */ = {isa = PBXFileReference; fileEncoding = 4; lastKnownFileType = sourcecode.c.objc; path = PlaylistPickViewController.m; sourceTree = "<group>"; };
		E58A24B51AC91A2A00E8DDE4 /* PlaylistSelections.h */ = {isa = PBXFileReference; fileEncoding = 4; lastKnownFileType = sourcecode.c.h; path = PlaylistSelections.h; sourceTree = "<group>"; };
		E58A24B61AC91A2A00E8DDE4 /* PlaylistSelections.m */ = {isa = PBXFileReference; fileEncoding = 4; lastKnownFileType = sourcecode.c.objc; path = PlaylistSelections.m; sourceTree = "<group>"; };
		E58A24B81AC9282300E8DDE4 /* AppKit.framework */ = {isa = PBXFileReference; lastKnownFileType = wrapper.framework; name = AppKit.framework; path = System/Library/Frameworks/AppKit.framework; sourceTree = SDKROOT; };
		E59078A21AAAFE0E007A26D6 /* CopyConvertDirs.h */ = {isa = PBXFileReference; fileEncoding = 4; lastKnownFileType = sourcecode.c.h; path = CopyConvertDirs.h; sourceTree = "<group>"; };
		E59078A31AAAFE0E007A26D6 /* CopyConvertDirs.mm */ = {isa = PBXFileReference; fileEncoding = 4; lastKnownFileType = sourcecode.cpp.objcpp; path = CopyConvertDirs.mm; sourceTree = "<group>"; };
		E59078A51AAC1AD7007A26D6 /* flac_utils.mm */ = {isa = PBXFileReference; fileEncoding = 4; lastKnownFileType = sourcecode.cpp.objcpp; path = flac_utils.mm; sourceTree = "<group>"; };
		E59078A61AAC1AD7007A26D6 /* flac_utils.h */ = {isa = PBXFileReference; fileEncoding = 4; lastKnownFileType = sourcecode.c.h; path = flac_utils.h; sourceTree = "<group>"; };
		E59078A81AAEC044007A26D6 /* Receptionist.h */ = {isa = PBXFileReference; fileEncoding = 4; lastKnownFileType = sourcecode.c.h; path = Receptionist.h; sourceTree = "<group>"; };
		E59078A91AAEC044007A26D6 /* Receptionist.m */ = {isa = PBXFileReference; fileEncoding = 4; lastKnownFileType = sourcecode.c.objc; path = Receptionist.m; sourceTree = "<group>"; };
		E59078AB1AAF9740007A26D6 /* todo and notes.txt */ = {isa = PBXFileReference; fileEncoding = 4; lastKnownFileType = text; path = "todo and notes.txt"; sourceTree = "<group>"; };
		E5CC88BE1AB6514E00C8951F /* Credits.html */ = {isa = PBXFileReference; fileEncoding = 4; lastKnownFileType = text.html; path = Credits.html; sourceTree = "<group>"; };
/* End PBXFileReference section */

/* Begin PBXFrameworksBuildPhase section */
		E502D0B91A739D1500BE86E2 /* Frameworks */ = {
			isa = PBXFrameworksBuildPhase;
			buildActionMask = 2147483647;
			files = (
				E5F8767F1ADE477000F9A362 /* tag.framework in Frameworks */,
				E55A71A61AE6417F00AB75E2 /* Sparkle.framework in Frameworks */,
				E52E879B1ADD9F8F00B08A74 /* AudioToolbox.framework in Frameworks */,
				E52E87991ADD9F2E00B08A74 /* AVFoundation.framework in Frameworks */,
				E58A24B91AC9282300E8DDE4 /* AppKit.framework in Frameworks */,
				E5436D291AC3D44D0068E42E /* iTunesLibrary.framework in Frameworks */,
			);
			runOnlyForDeploymentPostprocessing = 0;
		};
/* End PBXFrameworksBuildPhase section */

/* Begin PBXGroup section */
		E502D0B31A739D1500BE86E2 = {
			isa = PBXGroup;
			children = (
				E55A71A41AE6415700AB75E2 /* Frameworks */,
				E502D0BE1A739D1500BE86E2 /* TeslaTunes */,
				E502D0BD1A739D1500BE86E2 /* Products */,
			);
			sourceTree = "<group>";
		};
		E502D0BD1A739D1500BE86E2 /* Products */ = {
			isa = PBXGroup;
			children = (
				E502D0BC1A739D1500BE86E2 /* TeslaTunes.app */,
			);
			name = Products;
			sourceTree = "<group>";
		};
		E502D0BE1A739D1500BE86E2 /* TeslaTunes */ = {
			isa = PBXGroup;
			children = (
				E59078AB1AAF9740007A26D6 /* todo and notes.txt */,
				E502D0CB1A739D1500BE86E2 /* Main.storyboard */,
				E502D0C11A739D1500BE86E2 /* AppDelegate.h */,
				E502D0C21A739D1500BE86E2 /* AppDelegate.m */,
				E502D0C61A739D1500BE86E2 /* ViewController.h */,
				E502D0C71A739D1500BE86E2 /* ViewController.m */,
				E58A24B11AC8E04F00E8DDE4 /* PlaylistPickViewController.h */,
				E58A24B21AC8E04F00E8DDE4 /* PlaylistPickViewController.m */,
				E58A24B51AC91A2A00E8DDE4 /* PlaylistSelections.h */,
				E58A24B61AC91A2A00E8DDE4 /* PlaylistSelections.m */,
				E502814C1ACBA133006D996C /* TableCellViewCheckmark.h */,
				E502814D1ACBA133006D996C /* TableCellViewCheckmark.m */,
				E58A24B41AC8E15400E8DDE4 /* utils */,
				E502D0BF1A739D1500BE86E2 /* Supporting Files */,
			);
			path = TeslaTunes;
			sourceTree = "<group>";
		};
		E502D0BF1A739D1500BE86E2 /* Supporting Files */ = {
			isa = PBXGroup;
			children = (
				E552F2D41AD3CD6E009A9FDE /* TeslaTunes.entitlements */,
				E502D0C01A739D1500BE86E2 /* Info.plist */,
				E502D0C41A739D1500BE86E2 /* main.m */,
				E5CC88BE1AB6514E00C8951F /* Credits.html */,
				E502D0C91A739D1500BE86E2 /* Images.xcassets */,
			);
			name = "Supporting Files";
			sourceTree = "<group>";
		};
		E55A71A41AE6415700AB75E2 /* Frameworks */ = {
			isa = PBXGroup;
			children = (
				E55A71A51AE6417F00AB75E2 /* Sparkle.framework */,
				E52E879A1ADD9F8F00B08A74 /* AudioToolbox.framework */,
				E52E87981ADD9F2E00B08A74 /* AVFoundation.framework */,
				E52E87961ADD9AA900B08A74 /* tag.framework */,
				E58A24B81AC9282300E8DDE4 /* AppKit.framework */,
				E5436D281AC3D44D0068E42E /* iTunesLibrary.framework */,
			);
			name = Frameworks;
			sourceTree = "<group>";
		};
		E58A24B41AC8E15400E8DDE4 /* utils */ = {
			isa = PBXGroup;
			children = (
				E59078A21AAAFE0E007A26D6 /* CopyConvertDirs.h */,
				E59078A31AAAFE0E007A26D6 /* CopyConvertDirs.mm */,
				E59078A61AAC1AD7007A26D6 /* flac_utils.h */,
				E59078A51AAC1AD7007A26D6 /* flac_utils.mm */,
				E59078A81AAEC044007A26D6 /* Receptionist.h */,
				E59078A91AAEC044007A26D6 /* Receptionist.m */,
			);
			name = utils;
			sourceTree = "<group>";
		};
/* End PBXGroup section */

/* Begin PBXNativeTarget section */
		E502D0BB1A739D1500BE86E2 /* TeslaTunes */ = {
			isa = PBXNativeTarget;
			buildConfigurationList = E502D0DC1A739D1600BE86E2 /* Build configuration list for PBXNativeTarget "TeslaTunes" */;
			buildPhases = (
				E502D0B81A739D1500BE86E2 /* Sources */,
				E502D0B91A739D1500BE86E2 /* Frameworks */,
				E502D0BA1A739D1500BE86E2 /* Resources */,
				E5F8767A1ADE347300F9A362 /* CopyFiles */,
			);
			buildRules = (
			);
			dependencies = (
				E5CC88BD1AB593AA00C8951F /* PBXTargetDependency */,
			);
			name = TeslaTunes;
			productName = TeslaTunes;
			productReference = E502D0BC1A739D1500BE86E2 /* TeslaTunes.app */;
			productType = "com.apple.product-type.application";
		};
/* End PBXNativeTarget section */

/* Begin PBXProject section */
		E502D0B41A739D1500BE86E2 /* Project object */ = {
			isa = PBXProject;
			attributes = {
				LastUpgradeCheck = 0620;
				ORGANIZATIONNAME = "Loci Consulting";
				TargetAttributes = {
					E502D0BB1A739D1500BE86E2 = {
						CreatedOnToolsVersion = 6.2;
						DevelopmentTeam = 69PR7N5WC7;
						SystemCapabilities = {
							com.apple.Sandbox = {
								enabled = 0;
							};
						};
					};
					E5CC88B71AB5927E00C8951F = {
						CreatedOnToolsVersion = 6.3;
					};
				};
			};
			buildConfigurationList = E502D0B71A739D1500BE86E2 /* Build configuration list for PBXProject "TeslaTunes" */;
			compatibilityVersion = "Xcode 3.2";
			developmentRegion = English;
			hasScannedForEncodings = 0;
			knownRegions = (
				en,
				Base,
			);
			mainGroup = E502D0B31A739D1500BE86E2;
			productRefGroup = E502D0BD1A739D1500BE86E2 /* Products */;
			projectDirPath = "";
			projectRoot = "";
			targets = (
				E502D0BB1A739D1500BE86E2 /* TeslaTunes */,
				E5CC88B71AB5927E00C8951F /* GenGitVersioning */,
				E55A71AA1AE64A4400AB75E2 /* GenSparkleInfo */,
			);
		};
/* End PBXProject section */

/* Begin PBXResourcesBuildPhase section */
		E502D0BA1A739D1500BE86E2 /* Resources */ = {
			isa = PBXResourcesBuildPhase;
			buildActionMask = 2147483647;
			files = (
				E502D0CA1A739D1500BE86E2 /* Images.xcassets in Resources */,
				E5CC88BF1AB6514E00C8951F /* Credits.html in Resources */,
				E502D0CD1A739D1500BE86E2 /* Main.storyboard in Resources */,
			);
			runOnlyForDeploymentPostprocessing = 0;
		};
/* End PBXResourcesBuildPhase section */

/* Begin PBXShellScriptBuildPhase section */
		E55A71AB1AE64A4400AB75E2 /* ShellScript */ = {
			isa = PBXShellScriptBuildPhase;
			buildActionMask = 12;
			files = (
			);
			inputPaths = (
			);
			outputPaths = (
			);
			runOnlyForDeploymentPostprocessing = 0;
			shellPath = /bin/bash;
			shellScript = "set -o errexit\n\n#[ $BUILD_STYLE = Release ] || { echo Distribution target requires \"'Release'\" build style; false; }\n\nVERSION=$(defaults read \"$BUILT_PRODUCTS_DIR/$PROJECT_NAME.app/Contents/Info\" CFBundleVersion)\nVERSIONTXT=$(defaults read \"$BUILT_PRODUCTS_DIR/$PROJECT_NAME.app/Contents/Info\" CFBundleShortVersionString)\nDOWNLOAD_BASE_URL=\"http://teslatunes.loci.net/app/\"\nRELEASENOTES_URL=\"http://teslatunes.loci.net/app/release-notes.html#version-$VERSIONTXT\"\n\nARCHIVE_FILENAME=\"${PROJECT_NAME}_${VERSIONTXT}.zip\"\nDOWNLOAD_URL=\"$DOWNLOAD_BASE_URL/$ARCHIVE_FILENAME\"\n\nWD=$PWD\ncd \"$BUILT_PRODUCTS_DIR\"\nrm -f \"$PROJECT_NAME\"*.zip\nditto -ck --keepParent \"$PROJECT_NAME.app\" \"$ARCHIVE_FILENAME\"\n\nSIZE=$(stat -f %z \"$ARCHIVE_FILENAME\")\nPUBDATE=$(LC_TIME=en_US date +\"%a, %d %b %G %T %z\")\n\ncat <<EOF\n<item>\n<title>Version $VERSIONTXT</title>\n<sparkle:releaseNotesLink>$RELEASENOTES_URL</sparkle:releaseNotesLink>\n<pubDate>$PUBDATE</pubDate>\n<enclosure\nurl=\"$DOWNLOAD_URL\"\nsparkle:version=\"$VERSION\"\nsparkle:shortVersionString=\"$VERSIONTXT\"\ntype=\"application/octet-stream\"\nlength=\"$SIZE\"\n/>\n</item>\nEOF\n";
		};
		E5CC88BB1AB5928F00C8951F /* ShellScript */ = {
			isa = PBXShellScriptBuildPhase;
			buildActionMask = 2147483647;
			files = (
			);
			inputPaths = (
			);
			outputPaths = (
			);
			runOnlyForDeploymentPostprocessing = 0;
			shellPath = /bin/sh;
			shellScript = "version=`git describe --dirty`\necho \"#define GIT_VERSION $version\" > InfoPlist.h\nhead=`git rev-parse --short HEAD`\necho \"#define GIT_HEAD $head\" >> InfoPlist.h\ntouch TeslaTunes/Info.plist";
		};
/* End PBXShellScriptBuildPhase section */

/* Begin PBXSourcesBuildPhase section */
		E502D0B81A739D1500BE86E2 /* Sources */ = {
			isa = PBXSourcesBuildPhase;
			buildActionMask = 2147483647;
			files = (
				E502D0C81A739D1500BE86E2 /* ViewController.m in Sources */,
				E502D0C51A739D1500BE86E2 /* main.m in Sources */,
				E58A24B71AC91A2A00E8DDE4 /* PlaylistSelections.m in Sources */,
				E58A24B31AC8E04F00E8DDE4 /* PlaylistPickViewController.m in Sources */,
				E59078A41AAAFE0E007A26D6 /* CopyConvertDirs.mm in Sources */,
				E502814E1ACBA133006D996C /* TableCellViewCheckmark.m in Sources */,
				E502D0C31A739D1500BE86E2 /* AppDelegate.m in Sources */,
				E59078AA1AAEC044007A26D6 /* Receptionist.m in Sources */,
				E59078A71AAC1AD7007A26D6 /* flac_utils.mm in Sources */,
			);
			runOnlyForDeploymentPostprocessing = 0;
		};
/* End PBXSourcesBuildPhase section */

/* Begin PBXTargetDependency section */
		E55A71B01AE64A8F00AB75E2 /* PBXTargetDependency */ = {
			isa = PBXTargetDependency;
			target = E502D0BB1A739D1500BE86E2 /* TeslaTunes */;
			targetProxy = E55A71AF1AE64A8F00AB75E2 /* PBXContainerItemProxy */;
		};
		E5CC88BD1AB593AA00C8951F /* PBXTargetDependency */ = {
			isa = PBXTargetDependency;
			target = E5CC88B71AB5927E00C8951F /* GenGitVersioning */;
			targetProxy = E5CC88BC1AB593AA00C8951F /* PBXContainerItemProxy */;
		};
/* End PBXTargetDependency section */

/* Begin PBXVariantGroup section */
		E502D0CB1A739D1500BE86E2 /* Main.storyboard */ = {
			isa = PBXVariantGroup;
			children = (
				E502D0CC1A739D1500BE86E2 /* Base */,
			);
			name = Main.storyboard;
			sourceTree = "<group>";
		};
/* End PBXVariantGroup section */

/* Begin XCBuildConfiguration section */
		E502D0DA1A739D1600BE86E2 /* Debug */ = {
			isa = XCBuildConfiguration;
			buildSettings = {
				ALWAYS_SEARCH_USER_PATHS = NO;
				CLANG_CXX_LANGUAGE_STANDARD = "gnu++14";
				CLANG_CXX_LIBRARY = "libc++";
				CLANG_ENABLE_MODULES = YES;
				CLANG_ENABLE_OBJC_ARC = YES;
				CLANG_WARN_BOOL_CONVERSION = YES;
				CLANG_WARN_CONSTANT_CONVERSION = YES;
				CLANG_WARN_DIRECT_OBJC_ISA_USAGE = YES_ERROR;
				CLANG_WARN_EMPTY_BODY = YES;
				CLANG_WARN_ENUM_CONVERSION = YES;
				CLANG_WARN_INT_CONVERSION = YES;
				CLANG_WARN_OBJC_ROOT_CLASS = YES_ERROR;
				CLANG_WARN_UNREACHABLE_CODE = YES;
				CLANG_WARN__DUPLICATE_METHOD_MATCH = YES;
				CODE_SIGN_IDENTITY = "-";
				COPY_PHASE_STRIP = NO;
				ENABLE_STRICT_OBJC_MSGSEND = YES;
				GCC_C_LANGUAGE_STANDARD = gnu99;
				GCC_DYNAMIC_NO_PIC = NO;
				GCC_OPTIMIZATION_LEVEL = 0;
				GCC_PREPROCESSOR_DEFINITIONS = (
					"DEBUG=1",
					"$(inherited)",
				);
				GCC_SYMBOLS_PRIVATE_EXTERN = NO;
				GCC_WARN_64_TO_32_BIT_CONVERSION = YES;
				GCC_WARN_ABOUT_RETURN_TYPE = YES_ERROR;
				GCC_WARN_UNDECLARED_SELECTOR = YES;
				GCC_WARN_UNINITIALIZED_AUTOS = YES_AGGRESSIVE;
				GCC_WARN_UNUSED_FUNCTION = YES;
				GCC_WARN_UNUSED_VARIABLE = YES;
				HEADER_SEARCH_PATHS = (
					"$(inherited)",
					"/Applications/Xcode-beta.app/Contents/Developer/Toolchains/XcodeDefault.xctoolchain/usr/include",
					/usr/local/include,
				);
				LIBRARY_SEARCH_PATHS = /usr/local/lib;
				MACOSX_DEPLOYMENT_TARGET = 10.10;
				MTL_ENABLE_DEBUG_INFO = YES;
				ONLY_ACTIVE_ARCH = YES;
				OTHER_LDFLAGS = (
					"-lmp4v2",
					"-lFLAC",
					"-lFLAC++",
				);
				SDKROOT = macosx;
			};
			name = Debug;
		};
		E502D0DB1A739D1600BE86E2 /* Release */ = {
			isa = XCBuildConfiguration;
			buildSettings = {
				ALWAYS_SEARCH_USER_PATHS = NO;
				CLANG_CXX_LANGUAGE_STANDARD = "gnu++14";
				CLANG_CXX_LIBRARY = "libc++";
				CLANG_ENABLE_MODULES = YES;
				CLANG_ENABLE_OBJC_ARC = YES;
				CLANG_WARN_BOOL_CONVERSION = YES;
				CLANG_WARN_CONSTANT_CONVERSION = YES;
				CLANG_WARN_DIRECT_OBJC_ISA_USAGE = YES_ERROR;
				CLANG_WARN_EMPTY_BODY = YES;
				CLANG_WARN_ENUM_CONVERSION = YES;
				CLANG_WARN_INT_CONVERSION = YES;
				CLANG_WARN_OBJC_ROOT_CLASS = YES_ERROR;
				CLANG_WARN_UNREACHABLE_CODE = YES;
				CLANG_WARN__DUPLICATE_METHOD_MATCH = YES;
				CODE_SIGN_IDENTITY = "-";
				COPY_PHASE_STRIP = NO;
				DEBUG_INFORMATION_FORMAT = "dwarf-with-dsym";
				ENABLE_NS_ASSERTIONS = NO;
				ENABLE_STRICT_OBJC_MSGSEND = YES;
				GCC_C_LANGUAGE_STANDARD = gnu99;
				GCC_WARN_64_TO_32_BIT_CONVERSION = YES;
				GCC_WARN_ABOUT_RETURN_TYPE = YES_ERROR;
				GCC_WARN_UNDECLARED_SELECTOR = YES;
				GCC_WARN_UNINITIALIZED_AUTOS = YES_AGGRESSIVE;
				GCC_WARN_UNUSED_FUNCTION = YES;
				GCC_WARN_UNUSED_VARIABLE = YES;
				HEADER_SEARCH_PATHS = (
					"$(inherited)",
					"/Applications/Xcode-beta.app/Contents/Developer/Toolchains/XcodeDefault.xctoolchain/usr/include",
					/usr/local/include,
				);
				LIBRARY_SEARCH_PATHS = /usr/local/lib;
				MACOSX_DEPLOYMENT_TARGET = 10.10;
				MTL_ENABLE_DEBUG_INFO = NO;
				ONLY_ACTIVE_ARCH = YES;
				OTHER_LDFLAGS = (
					"-lmp4v2",
					"-lFLAC",
					"-lFLAC++",
				);
				SDKROOT = macosx;
			};
			name = Release;
		};
		E502D0DD1A739D1600BE86E2 /* Debug */ = {
			isa = XCBuildConfiguration;
			buildSettings = {
				ASSETCATALOG_COMPILER_APPICON_NAME = AppIcon;
				CODE_SIGN_IDENTITY = "Mac Developer";
				"CODE_SIGN_IDENTITY[sdk=macosx*]" = "Mac Developer";
				COMBINE_HIDPI_IMAGES = YES;
				FRAMEWORK_SEARCH_PATHS = (
					"$(inherited)",
					"$(LOCAL_LIBRARY_DIR)/Frameworks",
					/Library/Frameworks/iTunesLibrary.framework,
					/Users/rarnold/devel/taglib/taglib,
					"$(PROJECT_DIR)",
					/Users/rarnold/devel/TeslaTunesProjects,
				);
				INFOPLIST_FILE = TeslaTunes/Info.plist;
				INFOPLIST_OTHER_PREPROCESSOR_FLAGS = "-traditional";
				INFOPLIST_PREFIX_HEADER = InfoPlist.h;
				INFOPLIST_PREPROCESS = YES;
				LD_RUNPATH_SEARCH_PATHS = "$(inherited) @executable_path/../Frameworks";
				LIBRARY_SEARCH_PATHS = "";
				OTHER_LDFLAGS = (
					"/usr/local/lib/libFLAC++.a",
					/usr/local/lib/libFLAC.a,
					/usr/local/lib/libmp4v2.a,
				);
				PRODUCT_NAME = "$(TARGET_NAME)";
				PROVISIONING_PROFILE = "";
			};
			name = Debug;
		};
		E502D0DE1A739D1600BE86E2 /* Release */ = {
			isa = XCBuildConfiguration;
			buildSettings = {
				ASSETCATALOG_COMPILER_APPICON_NAME = AppIcon;
				CODE_SIGN_IDENTITY = "Mac Developer";
				"CODE_SIGN_IDENTITY[sdk=macosx*]" = "Mac Developer";
				COMBINE_HIDPI_IMAGES = YES;
				FRAMEWORK_SEARCH_PATHS = (
					"$(inherited)",
					"$(LOCAL_LIBRARY_DIR)/Frameworks",
					/Library/Frameworks/iTunesLibrary.framework,
					/Users/rarnold/devel/taglib/taglib,
					"$(PROJECT_DIR)",
					/Users/rarnold/devel/TeslaTunesProjects,
				);
				INFOPLIST_FILE = TeslaTunes/Info.plist;
				INFOPLIST_OTHER_PREPROCESSOR_FLAGS = "-traditional";
				INFOPLIST_PREFIX_HEADER = InfoPlist.h;
				INFOPLIST_PREPROCESS = YES;
				LD_RUNPATH_SEARCH_PATHS = "$(inherited) @executable_path/../Frameworks";
				LIBRARY_SEARCH_PATHS = "";
				OTHER_LDFLAGS = (
					"/usr/local/lib/libFLAC++.a",
					/usr/local/lib/libFLAC.a,
					/usr/local/lib/libmp4v2.a,
				);
				PRODUCT_NAME = "$(TARGET_NAME)";
				PROVISIONING_PROFILE = "";
			};
			name = Release;
		};
		E55A71AD1AE64A4400AB75E2 /* Debug */ = {
			isa = XCBuildConfiguration;
			buildSettings = {
				PRODUCT_NAME = "GenGitVersioning copy";
			};
			name = Debug;
		};
		E55A71AE1AE64A4400AB75E2 /* Release */ = {
			isa = XCBuildConfiguration;
			buildSettings = {
				PRODUCT_NAME = "GenGitVersioning copy";
			};
			name = Release;
		};
		E5CC88B81AB5927E00C8951F /* Debug */ = {
			isa = XCBuildConfiguration;
			buildSettings = {
				PRODUCT_NAME = "$(TARGET_NAME)";
			};
			name = Debug;
		};
		E5CC88B91AB5927E00C8951F /* Release */ = {
			isa = XCBuildConfiguration;
			buildSettings = {
				PRODUCT_NAME = "$(TARGET_NAME)";
			};
			name = Release;
		};
/* End XCBuildConfiguration section */

/* Begin XCConfigurationList section */
		E502D0B71A739D1500BE86E2 /* Build configuration list for PBXProject "TeslaTunes" */ = {
			isa = XCConfigurationList;
			buildConfigurations = (
				E502D0DA1A739D1600BE86E2 /* Debug */,
				E502D0DB1A739D1600BE86E2 /* Release */,
			);
			defaultConfigurationIsVisible = 0;
			defaultConfigurationName = Release;
		};
		E502D0DC1A739D1600BE86E2 /* Build configuration list for PBXNativeTarget "TeslaTunes" */ = {
			isa = XCConfigurationList;
			buildConfigurations = (
				E502D0DD1A739D1600BE86E2 /* Debug */,
				E502D0DE1A739D1600BE86E2 /* Release */,
			);
			defaultConfigurationIsVisible = 0;
			defaultConfigurationName = Release;
		};
		E55A71AC1AE64A4400AB75E2 /* Build configuration list for PBXAggregateTarget "GenSparkleInfo" */ = {
			isa = XCConfigurationList;
			buildConfigurations = (
				E55A71AD1AE64A4400AB75E2 /* Debug */,
				E55A71AE1AE64A4400AB75E2 /* Release */,
			);
			defaultConfigurationIsVisible = 0;
			defaultConfigurationName = Release;
		};
		E5CC88BA1AB5927E00C8951F /* Build configuration list for PBXAggregateTarget "GenGitVersioning" */ = {
			isa = XCConfigurationList;
			buildConfigurations = (
				E5CC88B81AB5927E00C8951F /* Debug */,
				E5CC88B91AB5927E00C8951F /* Release */,
			);
			defaultConfigurationIsVisible = 0;
			defaultConfigurationName = Release;
		};
/* End XCConfigurationList section */
	};
	rootObject = E502D0B41A739D1500BE86E2 /* Project object */;
}
